
Microsoft Visual Studio Solution File, Format Version 12.00
# Visual Studio Version 16
VisualStudioVersion = 16.0.30517.126
MinimumVisualStudioVersion = 10.0.40219.1
Project("{FAE04EC0-301F-11D3-BF4B-00C04F79EFBC}") = "TinhTienNuocHangThang", "TinhTienNuocHangThang\TinhTienNuocHangThang.csproj", "{AEF6AB04-F99F-491B-80A8-59E7219B1C54}"
EndProject
Global
	GlobalSection(SolutionConfigurationPlatforms) = preSolution
		Debug|Any CPU = Debug|Any CPU
		Release|Any CPU = Release|Any CPU
	EndGlobalSection
	GlobalSection(ProjectConfigurationPlatforms) = postSolution
		{AEF6AB04-F99F-491B-80A8-59E7219B1C54}.Debug|Any CPU.ActiveCfg = Debug|Any CPU
		{AEF6AB04-F99F-491B-80A8-59E7219B1C54}.Debug|Any CPU.Build.0 = Debug|Any CPU
		{AEF6AB04-F99F-491B-80A8-59E7219B1C54}.Release|Any CPU.ActiveCfg = Release|Any CPU
		{AEF6AB04-F99F-491B-80A8-59E7219B1C54}.Release|Any CPU.Build.0 = Release|Any CPU
	EndGlobalSection
	GlobalSection(SolutionProperties) = preSolution
		HideSolutionNode = FALSE
	EndGlobalSection
	GlobalSection(ExtensibilityGlobals) = postSolution
		SolutionGuid = {90FDE62B-4063-4CCC-A2E7-319030CC5CF4}
	EndGlobalSection
EndGlobal
