
Microsoft Visual Studio Solution File, Format Version 12.00
# Visual Studio 14
VisualStudioVersion = 14.0.23107.0
MinimumVisualStudioVersion = 10.0.40219.1
Project("{FAE04EC0-301F-11D3-BF4B-00C04F79EFBC}") = "Bai5", "Bai5\Bai5.csproj", "{3CFC4DFB-8F22-435E-9244-5CEE97BD92A9}"
EndProject
Global
	GlobalSection(SolutionConfigurationPlatforms) = preSolution
		Debug|Any CPU = Debug|Any CPU
		Release|Any CPU = Release|Any CPU
	EndGlobalSection
	GlobalSection(ProjectConfigurationPlatforms) = postSolution
		{3CFC4DFB-8F22-435E-9244-5CEE97BD92A9}.Debug|Any CPU.ActiveCfg = Debug|Any CPU
		{3CFC4DFB-8F22-435E-9244-5CEE97BD92A9}.Debug|Any CPU.Build.0 = Debug|Any CPU
		{3CFC4DFB-8F22-435E-9244-5CEE97BD92A9}.Release|Any CPU.ActiveCfg = Release|Any CPU
		{3CFC4DFB-8F22-435E-9244-5CEE97BD92A9}.Release|Any CPU.Build.0 = Release|Any CPU
	EndGlobalSection
	GlobalSection(SolutionProperties) = preSolution
		HideSolutionNode = FALSE
	EndGlobalSection
EndGlobal
