
Microsoft Visual Studio Solution File, Format Version 12.00
# Visual Studio Version 16
VisualStudioVersion = 16.0.30517.126
MinimumVisualStudioVersion = 10.0.40219.1
Project("{FAE04EC0-301F-11D3-BF4B-00C04F79EFBC}") = "GiaiPTBac2", "GiaiPTBac2\GiaiPTBac2.csproj", "{717980DD-5115-4E36-93D5-E7057D4CB20F}"
EndProject
Global
	GlobalSection(SolutionConfigurationPlatforms) = preSolution
		Debug|Any CPU = Debug|Any CPU
		Release|Any CPU = Release|Any CPU
	EndGlobalSection
	GlobalSection(ProjectConfigurationPlatforms) = postSolution
		{717980DD-5115-4E36-93D5-E7057D4CB20F}.Debug|Any CPU.ActiveCfg = Debug|Any CPU
		{717980DD-5115-4E36-93D5-E7057D4CB20F}.Debug|Any CPU.Build.0 = Debug|Any CPU
		{717980DD-5115-4E36-93D5-E7057D4CB20F}.Release|Any CPU.ActiveCfg = Release|Any CPU
		{717980DD-5115-4E36-93D5-E7057D4CB20F}.Release|Any CPU.Build.0 = Release|Any CPU
	EndGlobalSection
	GlobalSection(SolutionProperties) = preSolution
		HideSolutionNode = FALSE
	EndGlobalSection
	GlobalSection(ExtensibilityGlobals) = postSolution
		SolutionGuid = {B16AFD18-4BA6-402A-A89B-D209606284E5}
	EndGlobalSection
EndGlobal
